// !$*UTF8*$!
{
	archiveVersion = 1;
	classes = {
	};
	objectVersion = 56;
	objects = {

/* Begin PBXBuildFile section */
		B51933B32C5C7CA0001B3D26 /* AppDelegate.swift in Sources */ = {isa = PBXBuildFile; fileRef = B51933B22C5C7CA0001B3D26 /* AppDelegate.swift */; };
		B51933B52C5C7CA0001B3D26 /* SceneDelegate.swift in Sources */ = {isa = PBXBuildFile; fileRef = B51933B42C5C7CA0001B3D26 /* SceneDelegate.swift */; };
		B51933B72C5C7CA0001B3D26 /* PokemonListViewController.swift in Sources */ = {isa = PBXBuildFile; fileRef = B51933B62C5C7CA0001B3D26 /* PokemonListViewController.swift */; };
		B51933B92C5C7CA1001B3D26 /* Assets.xcassets in Resources */ = {isa = PBXBuildFile; fileRef = B51933B82C5C7CA1001B3D26 /* Assets.xcassets */; };
		B51933BC2C5C7CA1001B3D26 /* LaunchScreen.storyboard in Resources */ = {isa = PBXBuildFile; fileRef = B51933BA2C5C7CA1001B3D26 /* LaunchScreen.storyboard */; };
		B51933C52C5C7E41001B3D26 /* RxBlocking in Frameworks */ = {isa = PBXBuildFile; productRef = B51933C42C5C7E41001B3D26 /* RxBlocking */; };
		B51933C72C5C7E41001B3D26 /* RxCocoa in Frameworks */ = {isa = PBXBuildFile; productRef = B51933C62C5C7E41001B3D26 /* RxCocoa */; };
		B51933C92C5C7E41001B3D26 /* RxRelay in Frameworks */ = {isa = PBXBuildFile; productRef = B51933C82C5C7E41001B3D26 /* RxRelay */; };
		B51933CB2C5C7E41001B3D26 /* RxSwift in Frameworks */ = {isa = PBXBuildFile; productRef = B51933CA2C5C7E41001B3D26 /* RxSwift */; };
		B566329D2C70E92100AD85A1 /* PokemonListViewModel.swift in Sources */ = {isa = PBXBuildFile; fileRef = B566329C2C70E92100AD85A1 /* PokemonListViewModel.swift */; };
		B5717BD12C675DB700EC1986 /* UIColor+DesignSystem.swift in Sources */ = {isa = PBXBuildFile; fileRef = B5717BD02C675DB700EC1986 /* UIColor+DesignSystem.swift */; };
		B5717BD32C677E8E00EC1986 /* PokemonListModel.swift in Sources */ = {isa = PBXBuildFile; fileRef = B5717BD22C677E8E00EC1986 /* PokemonListModel.swift */; };
		B5717BD52C6780DB00EC1986 /* UIImageView+.swift in Sources */ = {isa = PBXBuildFile; fileRef = B5717BD42C6780DB00EC1986 /* UIImageView+.swift */; };
		B5C4D4842C5C808A007A4D3C /* PokemonListView.swift in Sources */ = {isa = PBXBuildFile; fileRef = B5C4D4832C5C808A007A4D3C /* PokemonListView.swift */; };
		B5C4D4862C5C86AB007A4D3C /* PokemonListCell.swift in Sources */ = {isa = PBXBuildFile; fileRef = B5C4D4852C5C86AB007A4D3C /* PokemonListCell.swift */; };
		B5C4D4882C5C8D44007A4D3C /* NetworkManager.swift in Sources */ = {isa = PBXBuildFile; fileRef = B5C4D4872C5C8D44007A4D3C /* NetworkManager.swift */; };
		B5C4D48A2C5CA10A007A4D3C /* PokemonDetailViewController.swift in Sources */ = {isa = PBXBuildFile; fileRef = B5C4D4892C5CA10A007A4D3C /* PokemonDetailViewController.swift */; };
		B5C4D48D2C5CA136007A4D3C /* PokemonDetailView.swift in Sources */ = {isa = PBXBuildFile; fileRef = B5C4D48C2C5CA136007A4D3C /* PokemonDetailView.swift */; };
		B5C4D48F2C5CAF22007A4D3C /* PokemonResponseDTO.swift in Sources */ = {isa = PBXBuildFile; fileRef = B5C4D48E2C5CAF22007A4D3C /* PokemonResponseDTO.swift */; };
		B5C4D4912C5CC31A007A4D3C /* APIEnpoint.swift in Sources */ = {isa = PBXBuildFile; fileRef = B5C4D4902C5CC31A007A4D3C /* APIEnpoint.swift */; };
		B5C4D4932C5CC432007A4D3C /* Endpoint.swift in Sources */ = {isa = PBXBuildFile; fileRef = B5C4D4922C5CC432007A4D3C /* Endpoint.swift */; };
		B5C4D4982C5CCA66007A4D3C /* APINetworkConfig.swift in Sources */ = {isa = PBXBuildFile; fileRef = B5C4D4972C5CCA66007A4D3C /* APINetworkConfig.swift */; };
		B5C4D49D2C5CD047007A4D3C /* Pokemon.swift in Sources */ = {isa = PBXBuildFile; fileRef = B5C4D49C2C5CD047007A4D3C /* Pokemon.swift */; };
/* End PBXBuildFile section */

/* Begin PBXFileReference section */
		B51933AF2C5C7CA0001B3D26 /* ExPokemon.app */ = {isa = PBXFileReference; explicitFileType = wrapper.application; includeInIndex = 0; path = ExPokemon.app; sourceTree = BUILT_PRODUCTS_DIR; };
		B51933B22C5C7CA0001B3D26 /* AppDelegate.swift */ = {isa = PBXFileReference; lastKnownFileType = sourcecode.swift; path = AppDelegate.swift; sourceTree = "<group>"; };
		B51933B42C5C7CA0001B3D26 /* SceneDelegate.swift */ = {isa = PBXFileReference; lastKnownFileType = sourcecode.swift; path = SceneDelegate.swift; sourceTree = "<group>"; };
		B51933B62C5C7CA0001B3D26 /* PokemonListViewController.swift */ = {isa = PBXFileReference; lastKnownFileType = sourcecode.swift; path = PokemonListViewController.swift; sourceTree = "<group>"; };
		B51933B82C5C7CA1001B3D26 /* Assets.xcassets */ = {isa = PBXFileReference; lastKnownFileType = folder.assetcatalog; path = Assets.xcassets; sourceTree = "<group>"; };
		B51933BB2C5C7CA1001B3D26 /* Base */ = {isa = PBXFileReference; lastKnownFileType = file.storyboard; name = Base; path = Base.lproj/LaunchScreen.storyboard; sourceTree = "<group>"; };
		B51933BD2C5C7CA1001B3D26 /* Info.plist */ = {isa = PBXFileReference; lastKnownFileType = text.plist.xml; path = Info.plist; sourceTree = "<group>"; };
		B566329C2C70E92100AD85A1 /* PokemonListViewModel.swift */ = {isa = PBXFileReference; lastKnownFileType = sourcecode.swift; path = PokemonListViewModel.swift; sourceTree = "<group>"; };
		B5717BD02C675DB700EC1986 /* UIColor+DesignSystem.swift */ = {isa = PBXFileReference; lastKnownFileType = sourcecode.swift; path = "UIColor+DesignSystem.swift"; sourceTree = "<group>"; };
		B5717BD22C677E8E00EC1986 /* PokemonListModel.swift */ = {isa = PBXFileReference; lastKnownFileType = sourcecode.swift; path = PokemonListModel.swift; sourceTree = "<group>"; };
		B5717BD42C6780DB00EC1986 /* UIImageView+.swift */ = {isa = PBXFileReference; lastKnownFileType = sourcecode.swift; path = "UIImageView+.swift"; sourceTree = "<group>"; };
		B5C4D4832C5C808A007A4D3C /* PokemonListView.swift */ = {isa = PBXFileReference; lastKnownFileType = sourcecode.swift; path = PokemonListView.swift; sourceTree = "<group>"; };
		B5C4D4852C5C86AB007A4D3C /* PokemonListCell.swift */ = {isa = PBXFileReference; lastKnownFileType = sourcecode.swift; path = PokemonListCell.swift; sourceTree = "<group>"; };
		B5C4D4872C5C8D44007A4D3C /* NetworkManager.swift */ = {isa = PBXFileReference; lastKnownFileType = sourcecode.swift; path = NetworkManager.swift; sourceTree = "<group>"; };
		B5C4D4892C5CA10A007A4D3C /* PokemonDetailViewController.swift */ = {isa = PBXFileReference; lastKnownFileType = sourcecode.swift; path = PokemonDetailViewController.swift; sourceTree = "<group>"; };
		B5C4D48C2C5CA136007A4D3C /* PokemonDetailView.swift */ = {isa = PBXFileReference; lastKnownFileType = sourcecode.swift; path = PokemonDetailView.swift; sourceTree = "<group>"; };
		B5C4D48E2C5CAF22007A4D3C /* PokemonResponseDTO.swift */ = {isa = PBXFileReference; lastKnownFileType = sourcecode.swift; path = PokemonResponseDTO.swift; sourceTree = "<group>"; };
		B5C4D4902C5CC31A007A4D3C /* APIEnpoint.swift */ = {isa = PBXFileReference; lastKnownFileType = sourcecode.swift; path = APIEnpoint.swift; sourceTree = "<group>"; };
		B5C4D4922C5CC432007A4D3C /* Endpoint.swift */ = {isa = PBXFileReference; lastKnownFileType = sourcecode.swift; path = Endpoint.swift; sourceTree = "<group>"; };
		B5C4D4972C5CCA66007A4D3C /* APINetworkConfig.swift */ = {isa = PBXFileReference; lastKnownFileType = sourcecode.swift; path = APINetworkConfig.swift; sourceTree = "<group>"; };
		B5C4D49C2C5CD047007A4D3C /* Pokemon.swift */ = {isa = PBXFileReference; lastKnownFileType = sourcecode.swift; path = Pokemon.swift; sourceTree = "<group>"; };
/* End PBXFileReference section */

/* Begin PBXFrameworksBuildPhase section */
		B51933AC2C5C7CA0001B3D26 /* Frameworks */ = {
			isa = PBXFrameworksBuildPhase;
			buildActionMask = 2147483647;
			files = (
				B51933C92C5C7E41001B3D26 /* RxRelay in Frameworks */,
				B51933C72C5C7E41001B3D26 /* RxCocoa in Frameworks */,
				B51933CB2C5C7E41001B3D26 /* RxSwift in Frameworks */,
				B51933C52C5C7E41001B3D26 /* RxBlocking in Frameworks */,
			);
			runOnlyForDeploymentPostprocessing = 0;
		};
/* End PBXFrameworksBuildPhase section */

/* Begin PBXGroup section */
		B51933A62C5C7CA0001B3D26 = {
			isa = PBXGroup;
			children = (
				B51933B12C5C7CA0001B3D26 /* ExPokemon */,
				B51933B02C5C7CA0001B3D26 /* Products */,
			);
			sourceTree = "<group>";
		};
		B51933B02C5C7CA0001B3D26 /* Products */ = {
			isa = PBXGroup;
			children = (
				B51933AF2C5C7CA0001B3D26 /* ExPokemon.app */,
			);
			name = Products;
			sourceTree = "<group>";
		};
		B51933B12C5C7CA0001B3D26 /* ExPokemon */ = {
			isa = PBXGroup;
			children = (
				B5C4D49A2C5CD027007A4D3C /* Domain */,
				B5C4D4802C5C7F96007A4D3C /* Applications */,
				B5C4D4812C5C8053007A4D3C /* Presentations */,
				B51933B82C5C7CA1001B3D26 /* Assets.xcassets */,
				B51933BA2C5C7CA1001B3D26 /* LaunchScreen.storyboard */,
				B51933BD2C5C7CA1001B3D26 /* Info.plist */,
				B5C4D4942C5CC760007A4D3C /* Netowork */,
			);
			path = ExPokemon;
			sourceTree = "<group>";
		};
		B5717BD62C67824D00EC1986 /* Extension */ = {
			isa = PBXGroup;
			children = (
				B5717BD02C675DB700EC1986 /* UIColor+DesignSystem.swift */,
				B5717BD42C6780DB00EC1986 /* UIImageView+.swift */,
			);
			path = Extension;
			sourceTree = "<group>";
		};
		B5C4D4802C5C7F96007A4D3C /* Applications */ = {
			isa = PBXGroup;
			children = (
				B51933B22C5C7CA0001B3D26 /* AppDelegate.swift */,
				B51933B42C5C7CA0001B3D26 /* SceneDelegate.swift */,
			);
			path = Applications;
			sourceTree = "<group>";
		};
		B5C4D4812C5C8053007A4D3C /* Presentations */ = {
			isa = PBXGroup;
			children = (
				B5C4D4822C5C805F007A4D3C /* PokemonListScene */,
				B5C4D48B2C5CA10F007A4D3C /* PokemonDetailScene */,
				B5717BD62C67824D00EC1986 /* Extension */,
			);
			path = Presentations;
			sourceTree = "<group>";
		};
		B5C4D4822C5C805F007A4D3C /* PokemonListScene */ = {
			isa = PBXGroup;
			children = (
				B51933B62C5C7CA0001B3D26 /* PokemonListViewController.swift */,
				B5C4D4832C5C808A007A4D3C /* PokemonListView.swift */,
				B5C4D4852C5C86AB007A4D3C /* PokemonListCell.swift */,
				B5717BD22C677E8E00EC1986 /* PokemonListModel.swift */,
				B566329C2C70E92100AD85A1 /* PokemonListViewModel.swift */,
			);
			path = PokemonListScene;
			sourceTree = "<group>";
		};
		B5C4D48B2C5CA10F007A4D3C /* PokemonDetailScene */ = {
			isa = PBXGroup;
			children = (
				B5C4D4892C5CA10A007A4D3C /* PokemonDetailViewController.swift */,
				B5C4D48C2C5CA136007A4D3C /* PokemonDetailView.swift */,
			);
			path = PokemonDetailScene;
			sourceTree = "<group>";
		};
		B5C4D4942C5CC760007A4D3C /* Netowork */ = {
			isa = PBXGroup;
			children = (
				B5C4D4872C5C8D44007A4D3C /* NetworkManager.swift */,
				B5C4D4992C5CD012007A4D3C /* DataMapping */,
				B5C4D4902C5CC31A007A4D3C /* APIEnpoint.swift */,
				B5C4D4922C5CC432007A4D3C /* Endpoint.swift */,
				B5C4D4972C5CCA66007A4D3C /* APINetworkConfig.swift */,
			);
			path = Netowork;
			sourceTree = "<group>";
		};
		B5C4D4992C5CD012007A4D3C /* DataMapping */ = {
			isa = PBXGroup;
			children = (
				B5C4D48E2C5CAF22007A4D3C /* PokemonResponseDTO.swift */,
			);
			path = DataMapping;
			sourceTree = "<group>";
		};
		B5C4D49A2C5CD027007A4D3C /* Domain */ = {
			isa = PBXGroup;
			children = (
				B5C4D49B2C5CD037007A4D3C /* Entity */,
			);
			path = Domain;
			sourceTree = "<group>";
		};
		B5C4D49B2C5CD037007A4D3C /* Entity */ = {
			isa = PBXGroup;
			children = (
				B5C4D49C2C5CD047007A4D3C /* Pokemon.swift */,
			);
			path = Entity;
			sourceTree = "<group>";
		};
/* End PBXGroup section */

/* Begin PBXNativeTarget section */
		B51933AE2C5C7CA0001B3D26 /* ExPokemon */ = {
			isa = PBXNativeTarget;
			buildConfigurationList = B51933C02C5C7CA1001B3D26 /* Build configuration list for PBXNativeTarget "ExPokemon" */;
			buildPhases = (
				B51933AB2C5C7CA0001B3D26 /* Sources */,
				B51933AC2C5C7CA0001B3D26 /* Frameworks */,
				B51933AD2C5C7CA0001B3D26 /* Resources */,
			);
			buildRules = (
			);
			dependencies = (
			);
			name = ExPokemon;
			packageProductDependencies = (
				B51933C42C5C7E41001B3D26 /* RxBlocking */,
				B51933C62C5C7E41001B3D26 /* RxCocoa */,
				B51933C82C5C7E41001B3D26 /* RxRelay */,
				B51933CA2C5C7E41001B3D26 /* RxSwift */,
			);
			productName = ExPokemon;
			productReference = B51933AF2C5C7CA0001B3D26 /* ExPokemon.app */;
			productType = "com.apple.product-type.application";
		};
/* End PBXNativeTarget section */

/* Begin PBXProject section */
		B51933A72C5C7CA0001B3D26 /* Project object */ = {
			isa = PBXProject;
			attributes = {
				BuildIndependentTargetsInParallel = 1;
				LastSwiftUpdateCheck = 1520;
				LastUpgradeCheck = 1520;
				TargetAttributes = {
					B51933AE2C5C7CA0001B3D26 = {
						CreatedOnToolsVersion = 15.2;
					};
				};
			};
			buildConfigurationList = B51933AA2C5C7CA0001B3D26 /* Build configuration list for PBXProject "ExPokemon" */;
			compatibilityVersion = "Xcode 14.0";
			developmentRegion = en;
			hasScannedForEncodings = 0;
			knownRegions = (
				en,
				Base,
			);
			mainGroup = B51933A62C5C7CA0001B3D26;
			packageReferences = (
				B51933C32C5C7E41001B3D26 /* XCRemoteSwiftPackageReference "RxSwift" */,
			);
			productRefGroup = B51933B02C5C7CA0001B3D26 /* Products */;
			projectDirPath = "";
			projectRoot = "";
			targets = (
				B51933AE2C5C7CA0001B3D26 /* ExPokemon */,
			);
		};
/* End PBXProject section */

/* Begin PBXResourcesBuildPhase section */
		B51933AD2C5C7CA0001B3D26 /* Resources */ = {
			isa = PBXResourcesBuildPhase;
			buildActionMask = 2147483647;
			files = (
				B51933B92C5C7CA1001B3D26 /* Assets.xcassets in Resources */,
				B51933BC2C5C7CA1001B3D26 /* LaunchScreen.storyboard in Resources */,
			);
			runOnlyForDeploymentPostprocessing = 0;
		};
/* End PBXResourcesBuildPhase section */

/* Begin PBXSourcesBuildPhase section */
		B51933AB2C5C7CA0001B3D26 /* Sources */ = {
			isa = PBXSourcesBuildPhase;
			buildActionMask = 2147483647;
			files = (
				B5C4D48F2C5CAF22007A4D3C /* PokemonResponseDTO.swift in Sources */,
				B5C4D4882C5C8D44007A4D3C /* NetworkManager.swift in Sources */,
				B5C4D48D2C5CA136007A4D3C /* PokemonDetailView.swift in Sources */,
				B5717BD32C677E8E00EC1986 /* PokemonListModel.swift in Sources */,
				B5717BD52C6780DB00EC1986 /* UIImageView+.swift in Sources */,
				B5C4D4982C5CCA66007A4D3C /* APINetworkConfig.swift in Sources */,
				B5C4D4842C5C808A007A4D3C /* PokemonListView.swift in Sources */,
				B5C4D4912C5CC31A007A4D3C /* APIEnpoint.swift in Sources */,
				B5C4D48A2C5CA10A007A4D3C /* PokemonDetailViewController.swift in Sources */,
				B5C4D4862C5C86AB007A4D3C /* PokemonListCell.swift in Sources */,
				B51933B72C5C7CA0001B3D26 /* PokemonListViewController.swift in Sources */,
				B5C4D49D2C5CD047007A4D3C /* Pokemon.swift in Sources */,
				B5717BD12C675DB700EC1986 /* UIColor+DesignSystem.swift in Sources */,
				B51933B32C5C7CA0001B3D26 /* AppDelegate.swift in Sources */,
				B5C4D4932C5CC432007A4D3C /* Endpoint.swift in Sources */,
				B566329D2C70E92100AD85A1 /* PokemonListViewModel.swift in Sources */,
				B51933B52C5C7CA0001B3D26 /* SceneDelegate.swift in Sources */,
			);
			runOnlyForDeploymentPostprocessing = 0;
		};
/* End PBXSourcesBuildPhase section */

/* Begin PBXVariantGroup section */
		B51933BA2C5C7CA1001B3D26 /* LaunchScreen.storyboard */ = {
			isa = PBXVariantGroup;
			children = (
				B51933BB2C5C7CA1001B3D26 /* Base */,
			);
			name = LaunchScreen.storyboard;
			sourceTree = "<group>";
		};
/* End PBXVariantGroup section */

/* Begin XCBuildConfiguration section */
		B51933BE2C5C7CA1001B3D26 /* Debug */ = {
			isa = XCBuildConfiguration;
			buildSettings = {
				ALWAYS_SEARCH_USER_PATHS = NO;
				ASSETCATALOG_COMPILER_GENERATE_SWIFT_ASSET_SYMBOL_EXTENSIONS = YES;
				CLANG_ANALYZER_NONNULL = YES;
				CLANG_ANALYZER_NUMBER_OBJECT_CONVERSION = YES_AGGRESSIVE;
				CLANG_CXX_LANGUAGE_STANDARD = "gnu++20";
				CLANG_ENABLE_MODULES = YES;
				CLANG_ENABLE_OBJC_ARC = YES;
				CLANG_ENABLE_OBJC_WEAK = YES;
				CLANG_WARN_BLOCK_CAPTURE_AUTORELEASING = YES;
				CLANG_WARN_BOOL_CONVERSION = YES;
				CLANG_WARN_COMMA = YES;
				CLANG_WARN_CONSTANT_CONVERSION = YES;
				CLANG_WARN_DEPRECATED_OBJC_IMPLEMENTATIONS = YES;
				CLANG_WARN_DIRECT_OBJC_ISA_USAGE = YES_ERROR;
				CLANG_WARN_DOCUMENTATION_COMMENTS = YES;
				CLANG_WARN_EMPTY_BODY = YES;
				CLANG_WARN_ENUM_CONVERSION = YES;
				CLANG_WARN_INFINITE_RECURSION = YES;
				CLANG_WARN_INT_CONVERSION = YES;
				CLANG_WARN_NON_LITERAL_NULL_CONVERSION = YES;
				CLANG_WARN_OBJC_IMPLICIT_RETAIN_SELF = YES;
				CLANG_WARN_OBJC_LITERAL_CONVERSION = YES;
				CLANG_WARN_OBJC_ROOT_CLASS = YES_ERROR;
				CLANG_WARN_QUOTED_INCLUDE_IN_FRAMEWORK_HEADER = YES;
				CLANG_WARN_RANGE_LOOP_ANALYSIS = YES;
				CLANG_WARN_STRICT_PROTOTYPES = YES;
				CLANG_WARN_SUSPICIOUS_MOVE = YES;
				CLANG_WARN_UNGUARDED_AVAILABILITY = YES_AGGRESSIVE;
				CLANG_WARN_UNREACHABLE_CODE = YES;
				CLANG_WARN__DUPLICATE_METHOD_MATCH = YES;
				COPY_PHASE_STRIP = NO;
				DEBUG_INFORMATION_FORMAT = dwarf;
				ENABLE_STRICT_OBJC_MSGSEND = YES;
				ENABLE_TESTABILITY = YES;
				ENABLE_USER_SCRIPT_SANDBOXING = YES;
				GCC_C_LANGUAGE_STANDARD = gnu17;
				GCC_DYNAMIC_NO_PIC = NO;
				GCC_NO_COMMON_BLOCKS = YES;
				GCC_OPTIMIZATION_LEVEL = 0;
				GCC_PREPROCESSOR_DEFINITIONS = (
					"DEBUG=1",
					"$(inherited)",
				);
				GCC_WARN_64_TO_32_BIT_CONVERSION = YES;
				GCC_WARN_ABOUT_RETURN_TYPE = YES_ERROR;
				GCC_WARN_UNDECLARED_SELECTOR = YES;
				GCC_WARN_UNINITIALIZED_AUTOS = YES_AGGRESSIVE;
				GCC_WARN_UNUSED_FUNCTION = YES;
				GCC_WARN_UNUSED_VARIABLE = YES;
				IPHONEOS_DEPLOYMENT_TARGET = 17.2;
				LOCALIZATION_PREFERS_STRING_CATALOGS = YES;
				MTL_ENABLE_DEBUG_INFO = INCLUDE_SOURCE;
				MTL_FAST_MATH = YES;
				ONLY_ACTIVE_ARCH = YES;
				SDKROOT = iphoneos;
				SWIFT_ACTIVE_COMPILATION_CONDITIONS = "DEBUG $(inherited)";
				SWIFT_OPTIMIZATION_LEVEL = "-Onone";
			};
			name = Debug;
		};
		B51933BF2C5C7CA1001B3D26 /* Release */ = {
			isa = XCBuildConfiguration;
			buildSettings = {
				ALWAYS_SEARCH_USER_PATHS = NO;
				ASSETCATALOG_COMPILER_GENERATE_SWIFT_ASSET_SYMBOL_EXTENSIONS = YES;
				CLANG_ANALYZER_NONNULL = YES;
				CLANG_ANALYZER_NUMBER_OBJECT_CONVERSION = YES_AGGRESSIVE;
				CLANG_CXX_LANGUAGE_STANDARD = "gnu++20";
				CLANG_ENABLE_MODULES = YES;
				CLANG_ENABLE_OBJC_ARC = YES;
				CLANG_ENABLE_OBJC_WEAK = YES;
				CLANG_WARN_BLOCK_CAPTURE_AUTORELEASING = YES;
				CLANG_WARN_BOOL_CONVERSION = YES;
				CLANG_WARN_COMMA = YES;
				CLANG_WARN_CONSTANT_CONVERSION = YES;
				CLANG_WARN_DEPRECATED_OBJC_IMPLEMENTATIONS = YES;
				CLANG_WARN_DIRECT_OBJC_ISA_USAGE = YES_ERROR;
				CLANG_WARN_DOCUMENTATION_COMMENTS = YES;
				CLANG_WARN_EMPTY_BODY = YES;
				CLANG_WARN_ENUM_CONVERSION = YES;
				CLANG_WARN_INFINITE_RECURSION = YES;
				CLANG_WARN_INT_CONVERSION = YES;
				CLANG_WARN_NON_LITERAL_NULL_CONVERSION = YES;
				CLANG_WARN_OBJC_IMPLICIT_RETAIN_SELF = YES;
				CLANG_WARN_OBJC_LITERAL_CONVERSION = YES;
				CLANG_WARN_OBJC_ROOT_CLASS = YES_ERROR;
				CLANG_WARN_QUOTED_INCLUDE_IN_FRAMEWORK_HEADER = YES;
				CLANG_WARN_RANGE_LOOP_ANALYSIS = YES;
				CLANG_WARN_STRICT_PROTOTYPES = YES;
				CLANG_WARN_SUSPICIOUS_MOVE = YES;
				CLANG_WARN_UNGUARDED_AVAILABILITY = YES_AGGRESSIVE;
				CLANG_WARN_UNREACHABLE_CODE = YES;
				CLANG_WARN__DUPLICATE_METHOD_MATCH = YES;
				COPY_PHASE_STRIP = NO;
				DEBUG_INFORMATION_FORMAT = "dwarf-with-dsym";
				ENABLE_NS_ASSERTIONS = NO;
				ENABLE_STRICT_OBJC_MSGSEND = YES;
				ENABLE_USER_SCRIPT_SANDBOXING = YES;
				GCC_C_LANGUAGE_STANDARD = gnu17;
				GCC_NO_COMMON_BLOCKS = YES;
				GCC_WARN_64_TO_32_BIT_CONVERSION = YES;
				GCC_WARN_ABOUT_RETURN_TYPE = YES_ERROR;
				GCC_WARN_UNDECLARED_SELECTOR = YES;
				GCC_WARN_UNINITIALIZED_AUTOS = YES_AGGRESSIVE;
				GCC_WARN_UNUSED_FUNCTION = YES;
				GCC_WARN_UNUSED_VARIABLE = YES;
				IPHONEOS_DEPLOYMENT_TARGET = 17.2;
				LOCALIZATION_PREFERS_STRING_CATALOGS = YES;
				MTL_ENABLE_DEBUG_INFO = NO;
				MTL_FAST_MATH = YES;
				SDKROOT = iphoneos;
				SWIFT_COMPILATION_MODE = wholemodule;
				VALIDATE_PRODUCT = YES;
			};
			name = Release;
		};
		B51933C12C5C7CA1001B3D26 /* Debug */ = {
			isa = XCBuildConfiguration;
			buildSettings = {
				ASSETCATALOG_COMPILER_APPICON_NAME = AppIcon;
				ASSETCATALOG_COMPILER_GLOBAL_ACCENT_COLOR_NAME = AccentColor;
				CODE_SIGN_STYLE = Automatic;
				CURRENT_PROJECT_VERSION = 1;
				GENERATE_INFOPLIST_FILE = YES;
				INFOPLIST_FILE = ExPokemon/Info.plist;
				INFOPLIST_KEY_UIApplicationSupportsIndirectInputEvents = YES;
				INFOPLIST_KEY_UILaunchStoryboardName = LaunchScreen;
				INFOPLIST_KEY_UISupportedInterfaceOrientations = UIInterfaceOrientationPortrait;
				INFOPLIST_KEY_UISupportedInterfaceOrientations_iPad = "UIInterfaceOrientationLandscapeLeft UIInterfaceOrientationLandscapeRight UIInterfaceOrientationPortrait UIInterfaceOrientationPortraitUpsideDown";
				IPHONEOS_DEPLOYMENT_TARGET = 16.0;
				LD_RUNPATH_SEARCH_PATHS = (
					"$(inherited)",
					"@executable_path/Frameworks",
				);
				MARKETING_VERSION = 1.0;
				PRODUCT_BUNDLE_IDENTIFIER = com.arex.ExPokemon;
				PRODUCT_NAME = "$(TARGET_NAME)";
				SUPPORTED_PLATFORMS = "iphoneos iphonesimulator";
				SUPPORTS_MACCATALYST = NO;
				SUPPORTS_MAC_DESIGNED_FOR_IPHONE_IPAD = NO;
				SUPPORTS_XR_DESIGNED_FOR_IPHONE_IPAD = NO;
				SWIFT_EMIT_LOC_STRINGS = YES;
				SWIFT_VERSION = 5.0;
				TARGETED_DEVICE_FAMILY = 1;
			};
			name = Debug;
		};
		B51933C22C5C7CA1001B3D26 /* Release */ = {
			isa = XCBuildConfiguration;
			buildSettings = {
				ASSETCATALOG_COMPILER_APPICON_NAME = AppIcon;
				ASSETCATALOG_COMPILER_GLOBAL_ACCENT_COLOR_NAME = AccentColor;
				CODE_SIGN_STYLE = Automatic;
				CURRENT_PROJECT_VERSION = 1;
				GENERATE_INFOPLIST_FILE = YES;
				INFOPLIST_FILE = ExPokemon/Info.plist;
				INFOPLIST_KEY_UIApplicationSupportsIndirectInputEvents = YES;
				INFOPLIST_KEY_UILaunchStoryboardName = LaunchScreen;
				INFOPLIST_KEY_UISupportedInterfaceOrientations = UIInterfaceOrientationPortrait;
				INFOPLIST_KEY_UISupportedInterfaceOrientations_iPad = "UIInterfaceOrientationLandscapeLeft UIInterfaceOrientationLandscapeRight UIInterfaceOrientationPortrait UIInterfaceOrientationPortraitUpsideDown";
				IPHONEOS_DEPLOYMENT_TARGET = 16.0;
				LD_RUNPATH_SEARCH_PATHS = (
					"$(inherited)",
					"@executable_path/Frameworks",
				);
				MARKETING_VERSION = 1.0;
				PRODUCT_BUNDLE_IDENTIFIER = com.arex.ExPokemon;
				PRODUCT_NAME = "$(TARGET_NAME)";
				SUPPORTED_PLATFORMS = "iphoneos iphonesimulator";
				SUPPORTS_MACCATALYST = NO;
				SUPPORTS_MAC_DESIGNED_FOR_IPHONE_IPAD = NO;
				SUPPORTS_XR_DESIGNED_FOR_IPHONE_IPAD = NO;
				SWIFT_EMIT_LOC_STRINGS = YES;
				SWIFT_VERSION = 5.0;
				TARGETED_DEVICE_FAMILY = 1;
			};
			name = Release;
		};
/* End XCBuildConfiguration section */

/* Begin XCConfigurationList section */
		B51933AA2C5C7CA0001B3D26 /* Build configuration list for PBXProject "ExPokemon" */ = {
			isa = XCConfigurationList;
			buildConfigurations = (
				B51933BE2C5C7CA1001B3D26 /* Debug */,
				B51933BF2C5C7CA1001B3D26 /* Release */,
			);
			defaultConfigurationIsVisible = 0;
			defaultConfigurationName = Release;
		};
		B51933C02C5C7CA1001B3D26 /* Build configuration list for PBXNativeTarget "ExPokemon" */ = {
			isa = XCConfigurationList;
			buildConfigurations = (
				B51933C12C5C7CA1001B3D26 /* Debug */,
				B51933C22C5C7CA1001B3D26 /* Release */,
			);
			defaultConfigurationIsVisible = 0;
			defaultConfigurationName = Release;
		};
/* End XCConfigurationList section */

/* Begin XCRemoteSwiftPackageReference section */
		B51933C32C5C7E41001B3D26 /* XCRemoteSwiftPackageReference "RxSwift" */ = {
			isa = XCRemoteSwiftPackageReference;
			repositoryURL = "https://github.com/ReactiveX/RxSwift.git";
			requirement = {
				kind = upToNextMajorVersion;
				minimumVersion = 6.7.1;
			};
		};
/* End XCRemoteSwiftPackageReference section */

/* Begin XCSwiftPackageProductDependency section */
		B51933C42C5C7E41001B3D26 /* RxBlocking */ = {
			isa = XCSwiftPackageProductDependency;
			package = B51933C32C5C7E41001B3D26 /* XCRemoteSwiftPackageReference "RxSwift" */;
			productName = RxBlocking;
		};
		B51933C62C5C7E41001B3D26 /* RxCocoa */ = {
			isa = XCSwiftPackageProductDependency;
			package = B51933C32C5C7E41001B3D26 /* XCRemoteSwiftPackageReference "RxSwift" */;
			productName = RxCocoa;
		};
		B51933C82C5C7E41001B3D26 /* RxRelay */ = {
			isa = XCSwiftPackageProductDependency;
			package = B51933C32C5C7E41001B3D26 /* XCRemoteSwiftPackageReference "RxSwift" */;
			productName = RxRelay;
		};
		B51933CA2C5C7E41001B3D26 /* RxSwift */ = {
			isa = XCSwiftPackageProductDependency;
			package = B51933C32C5C7E41001B3D26 /* XCRemoteSwiftPackageReference "RxSwift" */;
			productName = RxSwift;
		};
/* End XCSwiftPackageProductDependency section */
	};
	rootObject = B51933A72C5C7CA0001B3D26 /* Project object */;
}
